PODS:
  - Expecta (1.0.2)
  - Specta (1.0.3)
  - UltraObject (0.1.0)

DEPENDENCIES:
  - Expecta
  - Specta
  - UltraObject (from `../`)

EXTERNAL SOURCES:
  UltraObject:
    :path: "../"

SPEC CHECKSUMS:
  Expecta: 54e8a3530add08f4f0208c111355eda7cde74a53
  Specta: cf3e4188cf35375c3ee2cd03f8db8f1f4ef98234
  UltraObject: 0590a2f2dfdf31a682cd9e6319aff7ebac6aa3de

COCOAPODS: 0.37.2
