PODS:
  - Expecta (1.0.2)
  - JSONModel (1.1.0)
  - Specta (1.0.3)
  - UltraObject (0.1.1):
    - JSONModel (~> 1.1.0)

DEPENDENCIES:
  - Expecta
  - Specta
  - UltraObject (from `../`)

EXTERNAL SOURCES:
  UltraObject:
    :path: "../"

SPEC CHECKSUMS:
  Expecta: 54e8a3530add08f4f0208c111355eda7cde74a53
  JSONModel: ec77e9865236a7a09d9cf7668df6b4b328d9ec1d
  Specta: cf3e4188cf35375c3ee2cd03f8db8f1f4ef98234
  UltraObject: e6ce013e9489a478c78171ae43664531725a415c

COCOAPODS: 0.37.2
